
Microsoft Visual Studio Solution File, Format Version 12.00
# Visual Studio Version 16
VisualStudioVersion = 16.0.31702.278
MinimumVisualStudioVersion = 10.0.40219.1
Project("{FAE04EC0-301F-11D3-BF4B-00C04F79EFBC}") = "NewCon.API", "NewCon.API.csproj", "{F5A7BE9B-C646-4061-A062-8FA0430830DC}"
EndProject
Global
	GlobalSection(SolutionConfigurationPlatforms) = preSolution
		Debug|Any CPU = Debug|Any CPU
		Release|Any CPU = Release|Any CPU
	EndGlobalSection
	GlobalSection(ProjectConfigurationPlatforms) = postSolution
		{F5A7BE9B-C646-4061-A062-8FA0430830DC}.Debug|Any CPU.ActiveCfg = Debug|Any CPU
		{F5A7BE9B-C646-4061-A062-8FA0430830DC}.Debug|Any CPU.Build.0 = Debug|Any CPU
		{F5A7BE9B-C646-4061-A062-8FA0430830DC}.Release|Any CPU.ActiveCfg = Release|Any CPU
		{F5A7BE9B-C646-4061-A062-8FA0430830DC}.Release|Any CPU.Build.0 = Release|Any CPU
	EndGlobalSection
	GlobalSection(SolutionProperties) = preSolution
		HideSolutionNode = FALSE
	EndGlobalSection
	GlobalSection(ExtensibilityGlobals) = postSolution
		SolutionGuid = {C2C6A26B-153A-4DC1-9472-AAB1E06DD6AF}
	EndGlobalSection
EndGlobal
